
Microsoft Visual Studio Solution File, Format Version 12.00
# Visual Studio Version 16
VisualStudioVersion = 16.0.30517.126
MinimumVisualStudioVersion = 10.0.40219.1
Project("{9A19103F-16F7-4668-BE54-9A1E7A4F7556}") = "TrackWorker", "TrackWorker\TrackWorker.csproj", "{F23715BF-3588-41F0-BB6D-FAAF4F531ADC}"
EndProject
Project("{9A19103F-16F7-4668-BE54-9A1E7A4F7556}") = "TrackLib", "TrackLib\TrackLib.csproj", "{D5F00EF6-239D-43B4-B814-208148671810}"
EndProject
Project("{9A19103F-16F7-4668-BE54-9A1E7A4F7556}") = "TrackDataAccess", "TrackDataAccess\TrackDataAccess.csproj", "{40317C26-98CD-462F-8A1E-EABBCF453F5F}"
EndProject
Project("{9A19103F-16F7-4668-BE54-9A1E7A4F7556}") = "TrackWorker.Tests", "TrackWorker.Tests\TrackWorker.Tests.csproj", "{C60EF316-5A0C-4ADD-8837-9B7FF9283847}"
EndProject
Project("{9A19103F-16F7-4668-BE54-9A1E7A4F7556}") = "TrackLib.Tests", "TrackLib.Tests\TrackLib.Tests.csproj", "{F620E1CA-FFDE-44CC-A175-B9AAF12BEA8B}"
EndProject
Project("{9A19103F-16F7-4668-BE54-9A1E7A4F7556}") = "TrackAPI", "TrackAPI\TrackAPI.csproj", "{C055A42C-26C6-4FEF-9133-D6BBB5ADF926}"
EndProject
Project("{9A19103F-16F7-4668-BE54-9A1E7A4F7556}") = "TrackAPI.Tests", "TrackAPI.Tests\TrackAPI.Tests.csproj", "{004769A3-4F9D-46EB-86A5-89484D3B516F}"
EndProject
Global
	GlobalSection(SolutionConfigurationPlatforms) = preSolution
		Debug|Any CPU = Debug|Any CPU
		Release|Any CPU = Release|Any CPU
	EndGlobalSection
	GlobalSection(ProjectConfigurationPlatforms) = postSolution
		{F23715BF-3588-41F0-BB6D-FAAF4F531ADC}.Debug|Any CPU.ActiveCfg = Debug|Any CPU
		{F23715BF-3588-41F0-BB6D-FAAF4F531ADC}.Debug|Any CPU.Build.0 = Debug|Any CPU
		{F23715BF-3588-41F0-BB6D-FAAF4F531ADC}.Release|Any CPU.ActiveCfg = Release|Any CPU
		{F23715BF-3588-41F0-BB6D-FAAF4F531ADC}.Release|Any CPU.Build.0 = Release|Any CPU
		{D5F00EF6-239D-43B4-B814-208148671810}.Debug|Any CPU.ActiveCfg = Debug|Any CPU
		{D5F00EF6-239D-43B4-B814-208148671810}.Debug|Any CPU.Build.0 = Debug|Any CPU
		{D5F00EF6-239D-43B4-B814-208148671810}.Release|Any CPU.ActiveCfg = Release|Any CPU
		{D5F00EF6-239D-43B4-B814-208148671810}.Release|Any CPU.Build.0 = Release|Any CPU
		{40317C26-98CD-462F-8A1E-EABBCF453F5F}.Debug|Any CPU.ActiveCfg = Debug|Any CPU
		{40317C26-98CD-462F-8A1E-EABBCF453F5F}.Debug|Any CPU.Build.0 = Debug|Any CPU
		{40317C26-98CD-462F-8A1E-EABBCF453F5F}.Release|Any CPU.ActiveCfg = Release|Any CPU
		{40317C26-98CD-462F-8A1E-EABBCF453F5F}.Release|Any CPU.Build.0 = Release|Any CPU
		{C60EF316-5A0C-4ADD-8837-9B7FF9283847}.Debug|Any CPU.ActiveCfg = Debug|Any CPU
		{C60EF316-5A0C-4ADD-8837-9B7FF9283847}.Debug|Any CPU.Build.0 = Debug|Any CPU
		{C60EF316-5A0C-4ADD-8837-9B7FF9283847}.Release|Any CPU.ActiveCfg = Release|Any CPU
		{C60EF316-5A0C-4ADD-8837-9B7FF9283847}.Release|Any CPU.Build.0 = Release|Any CPU
		{F620E1CA-FFDE-44CC-A175-B9AAF12BEA8B}.Debug|Any CPU.ActiveCfg = Debug|Any CPU
		{F620E1CA-FFDE-44CC-A175-B9AAF12BEA8B}.Debug|Any CPU.Build.0 = Debug|Any CPU
		{F620E1CA-FFDE-44CC-A175-B9AAF12BEA8B}.Release|Any CPU.ActiveCfg = Release|Any CPU
		{F620E1CA-FFDE-44CC-A175-B9AAF12BEA8B}.Release|Any CPU.Build.0 = Release|Any CPU
		{C055A42C-26C6-4FEF-9133-D6BBB5ADF926}.Debug|Any CPU.ActiveCfg = Debug|Any CPU
		{C055A42C-26C6-4FEF-9133-D6BBB5ADF926}.Debug|Any CPU.Build.0 = Debug|Any CPU
		{C055A42C-26C6-4FEF-9133-D6BBB5ADF926}.Release|Any CPU.ActiveCfg = Release|Any CPU
		{C055A42C-26C6-4FEF-9133-D6BBB5ADF926}.Release|Any CPU.Build.0 = Release|Any CPU
		{004769A3-4F9D-46EB-86A5-89484D3B516F}.Debug|Any CPU.ActiveCfg = Debug|Any CPU
		{004769A3-4F9D-46EB-86A5-89484D3B516F}.Debug|Any CPU.Build.0 = Debug|Any CPU
		{004769A3-4F9D-46EB-86A5-89484D3B516F}.Release|Any CPU.ActiveCfg = Release|Any CPU
		{004769A3-4F9D-46EB-86A5-89484D3B516F}.Release|Any CPU.Build.0 = Release|Any CPU
	EndGlobalSection
	GlobalSection(SolutionProperties) = preSolution
		HideSolutionNode = FALSE
	EndGlobalSection
	GlobalSection(ExtensibilityGlobals) = postSolution
		SolutionGuid = {2D845580-7A3B-458C-9770-29F2066CDEAC}
	EndGlobalSection
EndGlobal
