
Microsoft Visual Studio Solution File, Format Version 12.00
# Visual Studio Version 16
VisualStudioVersion = 16.0.30517.126
MinimumVisualStudioVersion = 10.0.40219.1
Project("{9A19103F-16F7-4668-BE54-9A1E7A4F7556}") = "TrackAPI", "TrackAPI\TrackAPI.csproj", "{DCF59C5A-6D37-464A-AF32-1F309687362A}"
EndProject
Project("{9A19103F-16F7-4668-BE54-9A1E7A4F7556}") = "TrackAPITests", "TrackAPITests\TrackAPITests.csproj", "{2542EA5E-D8B0-4605-9107-FA8D11A0D1FC}"
EndProject
Project("{9A19103F-16F7-4668-BE54-9A1E7A4F7556}") = "TrackWorker", "TrackWorker\TrackWorker.csproj", "{F23715BF-3588-41F0-BB6D-FAAF4F531ADC}"
EndProject
Project("{FAE04EC0-301F-11D3-BF4B-00C04F79EFBC}") = "TrackLib", "TrackLib\TrackLib.csproj", "{D5F00EF6-239D-43B4-B814-208148671810}"
EndProject
Global
	GlobalSection(SolutionConfigurationPlatforms) = preSolution
		Debug|Any CPU = Debug|Any CPU
		Release|Any CPU = Release|Any CPU
	EndGlobalSection
	GlobalSection(ProjectConfigurationPlatforms) = postSolution
		{DCF59C5A-6D37-464A-AF32-1F309687362A}.Debug|Any CPU.ActiveCfg = Debug|Any CPU
		{DCF59C5A-6D37-464A-AF32-1F309687362A}.Debug|Any CPU.Build.0 = Debug|Any CPU
		{DCF59C5A-6D37-464A-AF32-1F309687362A}.Release|Any CPU.ActiveCfg = Release|Any CPU
		{DCF59C5A-6D37-464A-AF32-1F309687362A}.Release|Any CPU.Build.0 = Release|Any CPU
		{2542EA5E-D8B0-4605-9107-FA8D11A0D1FC}.Debug|Any CPU.ActiveCfg = Debug|Any CPU
		{2542EA5E-D8B0-4605-9107-FA8D11A0D1FC}.Debug|Any CPU.Build.0 = Debug|Any CPU
		{2542EA5E-D8B0-4605-9107-FA8D11A0D1FC}.Release|Any CPU.ActiveCfg = Release|Any CPU
		{2542EA5E-D8B0-4605-9107-FA8D11A0D1FC}.Release|Any CPU.Build.0 = Release|Any CPU
		{F23715BF-3588-41F0-BB6D-FAAF4F531ADC}.Debug|Any CPU.ActiveCfg = Debug|Any CPU
		{F23715BF-3588-41F0-BB6D-FAAF4F531ADC}.Debug|Any CPU.Build.0 = Debug|Any CPU
		{F23715BF-3588-41F0-BB6D-FAAF4F531ADC}.Release|Any CPU.ActiveCfg = Release|Any CPU
		{F23715BF-3588-41F0-BB6D-FAAF4F531ADC}.Release|Any CPU.Build.0 = Release|Any CPU
		{D5F00EF6-239D-43B4-B814-208148671810}.Debug|Any CPU.ActiveCfg = Debug|Any CPU
		{D5F00EF6-239D-43B4-B814-208148671810}.Debug|Any CPU.Build.0 = Debug|Any CPU
		{D5F00EF6-239D-43B4-B814-208148671810}.Release|Any CPU.ActiveCfg = Release|Any CPU
		{D5F00EF6-239D-43B4-B814-208148671810}.Release|Any CPU.Build.0 = Release|Any CPU
	EndGlobalSection
	GlobalSection(SolutionProperties) = preSolution
		HideSolutionNode = FALSE
	EndGlobalSection
	GlobalSection(ExtensibilityGlobals) = postSolution
		SolutionGuid = {2D845580-7A3B-458C-9770-29F2066CDEAC}
	EndGlobalSection
EndGlobal
